PODS:
  - Alamofire (4.5.1)
  - AlamofireImage (3.3.0):
    - Alamofire (~> 4.5)
  - Crashlytics (3.9.3):
    - Fabric (~> 1.7.2)
  - DynamicButton (5.0.0)
  - EasyPeasy (1.6.0)
  - Fabric (1.7.2)
  - ModelMapper (7.3.0)
  - RxCocoa (4.0.0):
    - RxSwift (~> 4.0)
  - RxSwift (4.0.0)

DEPENDENCIES:
  - Alamofire
  - AlamofireImage
  - Crashlytics
  - DynamicButton
  - EasyPeasy
  - Fabric
  - ModelMapper
  - RxCocoa
  - RxSwift

SPEC CHECKSUMS:
  Alamofire: 2d95912bf4c34f164fdfc335872e8c312acaea4a
  AlamofireImage: 2e784dc5d00f04903a52c1d169181469c805c3df
  Crashlytics: dbb07d01876c171c5ccbdf7826410380189e452c
  DynamicButton: 4c2fef968e4aa0a8a6ed7ca6b8a58c8e21a36cdc
  EasyPeasy: aef0a77d7e7636d6b5e046194bc911b0a8d73c88
  Fabric: 9cd6a848efcf1b8b07497e0b6a2e7d336353ba15
  ModelMapper: b70d373f224fc8cfc4da67b483db163a6cd05fe6
  RxCocoa: d62846ca96495d862fa4c59ea7d87e5031d7340e
  RxSwift: fd680d75283beb5e2559486f3c0ff852f0d35334

PODFILE CHECKSUM: 8601eab7ba9eb8ac654a41b6fb6d351ff4895307

COCOAPODS: 1.2.0
