<?xml version="1.0" encoding="UTF-8"?>
<Scheme
   LastUpgradeVersion = "0920"
   version = "1.7">
   <BuildAction
      parallelizeBuildables = "YES"
      buildImplicitDependencies = "YES">
      <PreActions>
         <ExecutionAction
            ActionType = "Xcode.IDEStandardExecutionActionsCore.ExecutionActionType.ShellScriptAction">
            <ActionContent
               title = "Run Script"
               scriptText = "sed -i -e &apos;s/&quot;&#x421;&#x430;&#x434;&#x445;&#x430;&#x43d;&#x430; Dev&quot;/&quot;&#x421;&#x430;&#x434;&#x445;&#x430;&#x43d;&#x430;&quot;/&apos; &quot;${SRCROOT}/Sadhana/SupportingFiles/ru.lproj/InfoPlist.strings&quot;&#10;sed -i -e &apos;s/&quot;Sadhana Dev&quot;/&quot;Sadhana&quot;/&apos; &quot;${SRCROOT}/Sadhana/SupportingFiles/en.lproj/InfoPlist.strings&quot;">
               <EnvironmentBuildable>
                  <BuildableReference
                     BuildableIdentifier = "primary"
                     BlueprintIdentifier = "96F6004F1EC996AC006DAECE"
                     BuildableName = "Sadhana.app"
                     BlueprintName = "Sadhana"
                     ReferencedContainer = "container:Sadhana.xcodeproj">
                  </BuildableReference>
               </EnvironmentBuildable>
            </ActionContent>
         </ExecutionAction>
      </PreActions>
      <PostActions>
         <ExecutionAction
            ActionType = "Xcode.IDEStandardExecutionActionsCore.ExecutionActionType.ShellScriptAction">
            <ActionContent
               title = "Run Script"
               scriptText = "find &quot;${SRCROOT}/Sadhana/SupportingFiles/&quot; \( -name &apos;InfoPlist *.strings&apos; -or -name &apos;InfoPlist.strings-e&apos; \) -delete">
               <EnvironmentBuildable>
                  <BuildableReference
                     BuildableIdentifier = "primary"
                     BlueprintIdentifier = "96F6004F1EC996AC006DAECE"
                     BuildableName = "Sadhana.app"
                     BlueprintName = "Sadhana"
                     ReferencedContainer = "container:Sadhana.xcodeproj">
                  </BuildableReference>
               </EnvironmentBuildable>
            </ActionContent>
         </ExecutionAction>
      </PostActions>
      <BuildActionEntries>
         <BuildActionEntry
            buildForTesting = "YES"
            buildForRunning = "YES"
            buildForProfiling = "YES"
            buildForArchiving = "YES"
            buildForAnalyzing = "YES">
            <BuildableReference
               BuildableIdentifier = "primary"
               BlueprintIdentifier = "96F6004F1EC996AC006DAECE"
               BuildableName = "Sadhana.app"
               BlueprintName = "Sadhana"
               ReferencedContainer = "container:Sadhana.xcodeproj">
            </BuildableReference>
         </BuildActionEntry>
      </BuildActionEntries>
   </BuildAction>
   <TestAction
      buildConfiguration = "Prod-Debug"
      selectedDebuggerIdentifier = "Xcode.DebuggerFoundation.Debugger.LLDB"
      selectedLauncherIdentifier = "Xcode.DebuggerFoundation.Launcher.LLDB"
      language = ""
      shouldUseLaunchSchemeArgsEnv = "YES">
      <Testables>
      </Testables>
      <MacroExpansion>
         <BuildableReference
            BuildableIdentifier = "primary"
            BlueprintIdentifier = "96F6004F1EC996AC006DAECE"
            BuildableName = "Sadhana.app"
            BlueprintName = "Sadhana"
            ReferencedContainer = "container:Sadhana.xcodeproj">
         </BuildableReference>
      </MacroExpansion>
      <AdditionalOptions>
      </AdditionalOptions>
   </TestAction>
   <LaunchAction
      buildConfiguration = "Prod-Debug"
      selectedDebuggerIdentifier = "Xcode.DebuggerFoundation.Debugger.LLDB"
      selectedLauncherIdentifier = "Xcode.DebuggerFoundation.Launcher.LLDB"
      language = ""
      launchStyle = "0"
      useCustomWorkingDirectory = "NO"
      ignoresPersistentStateOnLaunch = "NO"
      debugDocumentVersioning = "YES"
      debugServiceExtension = "internal"
      allowLocationSimulation = "YES">
      <BuildableProductRunnable
         runnableDebuggingMode = "0">
         <BuildableReference
            BuildableIdentifier = "primary"
            BlueprintIdentifier = "96F6004F1EC996AC006DAECE"
            BuildableName = "Sadhana.app"
            BlueprintName = "Sadhana"
            ReferencedContainer = "container:Sadhana.xcodeproj">
         </BuildableReference>
      </BuildableProductRunnable>
      <CommandLineArguments>
         <CommandLineArgument
            argument = "-com.apple.CoreData.SQLDebug"
            isEnabled = "NO">
         </CommandLineArgument>
         <CommandLineArgument
            argument = "1"
            isEnabled = "NO">
         </CommandLineArgument>
      </CommandLineArguments>
      <AdditionalOptions>
      </AdditionalOptions>
   </LaunchAction>
   <ProfileAction
      buildConfiguration = "Prod-Release"
      shouldUseLaunchSchemeArgsEnv = "YES"
      savedToolIdentifier = ""
      useCustomWorkingDirectory = "NO"
      debugDocumentVersioning = "YES">
      <BuildableProductRunnable
         runnableDebuggingMode = "0">
         <BuildableReference
            BuildableIdentifier = "primary"
            BlueprintIdentifier = "96F6004F1EC996AC006DAECE"
            BuildableName = "Sadhana.app"
            BlueprintName = "Sadhana"
            ReferencedContainer = "container:Sadhana.xcodeproj">
         </BuildableReference>
      </BuildableProductRunnable>
   </ProfileAction>
   <AnalyzeAction
      buildConfiguration = "Prod-Debug">
   </AnalyzeAction>
   <ArchiveAction
      buildConfiguration = "Prod-Release"
      revealArchiveInOrganizer = "YES">
   </ArchiveAction>
</Scheme>
