// !$*UTF8*$!
{
	archiveVersion = 1;
	classes = {
	};
	objectVersion = 46;
	objects = {

/* Begin PBXBuildFile section */
		30C7E711667CDBC29B92157F /* Pods_Sadhana.framework in Frameworks */ = {isa = PBXBuildFile; fileRef = B0B60592337E436959AB732F /* Pods_Sadhana.framework */; };
		96086DD71F3B2FB2006C9312 /* GraphVM.swift in Sources */ = {isa = PBXBuildFile; fileRef = 96086DD61F3B2FB2006C9312 /* GraphVM.swift */; };
		960A0D421F273F5700356152 /* CircleView.swift in Sources */ = {isa = PBXBuildFile; fileRef = 960A0D411F273F5700356152 /* CircleView.swift */; };
		960A0D451F2770D000356152 /* WeekVC.swift in Sources */ = {isa = PBXBuildFile; fileRef = 960A0D441F2770D000356152 /* WeekVC.swift */; };
		960A0D4F1F2876C000356152 /* EditingVC.swift in Sources */ = {isa = PBXBuildFile; fileRef = 960A0D471F2876C000356152 /* EditingVC.swift */; };
		960A0D501F2876C000356152 /* EditingVM.swift in Sources */ = {isa = PBXBuildFile; fileRef = 960A0D481F2876C000356152 /* EditingVM.swift */; };
		960A0D511F2876C000356152 /* EntryEditingVC.swift in Sources */ = {isa = PBXBuildFile; fileRef = 960A0D491F2876C000356152 /* EntryEditingVC.swift */; };
		960A0D521F2876C000356152 /* EntryEditingVM.swift in Sources */ = {isa = PBXBuildFile; fileRef = 960A0D4A1F2876C000356152 /* EntryEditingVM.swift */; };
		960A0D531F2876C000356152 /* MyGraphRouter.swift in Sources */ = {isa = PBXBuildFile; fileRef = 960A0D4C1F2876C000356152 /* MyGraphRouter.swift */; };
		960A0D541F2876C000356152 /* MyGraphVC.swift in Sources */ = {isa = PBXBuildFile; fileRef = 960A0D4D1F2876C000356152 /* MyGraphVC.swift */; };
		960A0D551F2876C000356152 /* MyGraphVM.swift in Sources */ = {isa = PBXBuildFile; fileRef = 960A0D4E1F2876C000356152 /* MyGraphVM.swift */; };
		9612BD821F0130A700336A1B /* Assets.xcassets in Resources */ = {isa = PBXBuildFile; fileRef = 966056A31EF2B50D00973FA4 /* Assets.xcassets */; };
		9612BD891F02BD3400336A1B /* RxSwift+Extensions.swift in Sources */ = {isa = PBXBuildFile; fileRef = 9612BD881F02BD3400336A1B /* RxSwift+Extensions.swift */; };
		961D389D1F24750000E73E21 /* CountView.swift in Sources */ = {isa = PBXBuildFile; fileRef = 961D389C1F24750000E73E21 /* CountView.swift */; };
		964C27CF1F4C9BFB0006593C /* OtherGraphVC.swift in Sources */ = {isa = PBXBuildFile; fileRef = 964C27CE1F4C9BFB0006593C /* OtherGraphVC.swift */; };
		964C82901F17D5A200A41D8A /* NavigationVC.swift in Sources */ = {isa = PBXBuildFile; fileRef = 964C828F1F17D5A200A41D8A /* NavigationVC.swift */; };
		9652C9931F45D8160065458B /* KeyboardManager.swift in Sources */ = {isa = PBXBuildFile; fileRef = 9652C9921F45D8160065458B /* KeyboardManager.swift */; };
		9652C99F1F46D4360065458B /* FormVC.swift in Sources */ = {isa = PBXBuildFile; fileRef = 9652C99A1F46D4360065458B /* FormVC.swift */; };
		9652C9A61F46DE140065458B /* BoolFormCell.swift in Sources */ = {isa = PBXBuildFile; fileRef = 9652C9A21F46DE140065458B /* BoolFormCell.swift */; };
		9652C9A71F46DE140065458B /* ContainerFormCell.swift in Sources */ = {isa = PBXBuildFile; fileRef = 9652C9A31F46DE140065458B /* ContainerFormCell.swift */; };
		9652C9A81F46DE140065458B /* FormCell.swift in Sources */ = {isa = PBXBuildFile; fileRef = 9652C9A41F46DE140065458B /* FormCell.swift */; };
		9652C9A91F46DE140065458B /* TimeFormCell.swift in Sources */ = {isa = PBXBuildFile; fileRef = 9652C9A51F46DE140065458B /* TimeFormCell.swift */; };
		9654AE9A1F1E656F00F75772 /* OnOffImageView.swift in Sources */ = {isa = PBXBuildFile; fileRef = 9654AE991F1E656F00F75772 /* OnOffImageView.swift */; };
		966056B41EF2B50D00973FA4 /* AppDelegate.swift in Sources */ = {isa = PBXBuildFile; fileRef = 966056A91EF2B50D00973FA4 /* AppDelegate.swift */; };
		966395581F448915000CAEDB /* MainService.swift in Sources */ = {isa = PBXBuildFile; fileRef = 966395571F448915000CAEDB /* MainService.swift */; };
		96655F541F21FCC0000B0D02 /* FormTextField.swift in Sources */ = {isa = PBXBuildFile; fileRef = 96655F531F21FCC0000B0D02 /* FormTextField.swift */; };
		9667E4511F1148AC002589AE /* ManagedEntry.swift in Sources */ = {isa = PBXBuildFile; fileRef = 9667E4501F1148AC002589AE /* ManagedEntry.swift */; };
		9669D58D1F4369A100728E1A /* InfoPlist.strings in Resources */ = {isa = PBXBuildFile; fileRef = 9669D58F1F4369A100728E1A /* InfoPlist.strings */; };
		967D791E1F00F10D00A961D6 /* User.swift in Sources */ = {isa = PBXBuildFile; fileRef = 967D791D1F00F10C00A961D6 /* User.swift */; };
		967D79241F00F3CD00A961D6 /* LocalService.swift in Sources */ = {isa = PBXBuildFile; fileRef = 967D79201F00F3CD00A961D6 /* LocalService.swift */; };
		967D79251F00F3CD00A961D6 /* RemoteService.swift in Sources */ = {isa = PBXBuildFile; fileRef = 967D79231F00F3CD00A961D6 /* RemoteService.swift */; };
		967D79271F00F3E100A961D6 /* RemoteUser.swift in Sources */ = {isa = PBXBuildFile; fileRef = 967D79261F00F3E100A961D6 /* RemoteUser.swift */; };
		967D79291F00F63E00A961D6 /* General.swift in Sources */ = {isa = PBXBuildFile; fileRef = 967D79281F00F63E00A961D6 /* General.swift */; };
		96A196BA1F48256F00AAB635 /* Responder.swift in Sources */ = {isa = PBXBuildFile; fileRef = 96A196B91F48256F00AAB635 /* Responder.swift */; };
		96A196BF1F4AFB7C00AAB635 /* AllGraphListVC.swift in Sources */ = {isa = PBXBuildFile; fileRef = 96A196BE1F4AFB7C00AAB635 /* AllGraphListVC.swift */; };
		96A196C11F4AFB8D00AAB635 /* AllGraphListVM.swift in Sources */ = {isa = PBXBuildFile; fileRef = 96A196C01F4AFB8D00AAB635 /* AllGraphListVM.swift */; };
		96A196C31F4AFBA400AAB635 /* FavoriteGraphListVC.swift in Sources */ = {isa = PBXBuildFile; fileRef = 96A196C21F4AFBA400AAB635 /* FavoriteGraphListVC.swift */; };
		96A196C51F4AFBAD00AAB635 /* FavoriteGraphListVM.swift in Sources */ = {isa = PBXBuildFile; fileRef = 96A196C41F4AFBAD00AAB635 /* FavoriteGraphListVM.swift */; };
		96A196C71F4AFBB800AAB635 /* GraphListVC.swift in Sources */ = {isa = PBXBuildFile; fileRef = 96A196C61F4AFBB800AAB635 /* GraphListVC.swift */; };
		96A196C91F4AFBBF00AAB635 /* GraphListVM.swift in Sources */ = {isa = PBXBuildFile; fileRef = 96A196C81F4AFBBF00AAB635 /* GraphListVM.swift */; };
		96A196CB1F4AFCE800AAB635 /* OtherGraphListRouter.swift in Sources */ = {isa = PBXBuildFile; fileRef = 96A196CA1F4AFCE800AAB635 /* OtherGraphListRouter.swift */; };
		96A196CD1F4AFE1B00AAB635 /* OtherGraphListContainerVC.swift in Sources */ = {isa = PBXBuildFile; fileRef = 96A196CC1F4AFE1B00AAB635 /* OtherGraphListContainerVC.swift */; };
		96A196D11F4C1CDD00AAB635 /* GraphCell.swift in Sources */ = {isa = PBXBuildFile; fileRef = 96A196D01F4C1CDD00AAB635 /* GraphCell.swift */; };
		96A196F11F4C921100AAB635 /* OtherGraphVM.swift in Sources */ = {isa = PBXBuildFile; fileRef = 96A196F01F4C921100AAB635 /* OtherGraphVM.swift */; };
		96A55B481F12919300FD3700 /* RootRouter.swift in Sources */ = {isa = PBXBuildFile; fileRef = 96A55B471F12919300FD3700 /* RootRouter.swift */; };
		96A55B4A1F1291D500FD3700 /* MainTabBarVC.swift in Sources */ = {isa = PBXBuildFile; fileRef = 96A55B491F1291D500FD3700 /* MainTabBarVC.swift */; };
		96A55B4C1F14AD6200FD3700 /* LocalDefaults.swift in Sources */ = {isa = PBXBuildFile; fileRef = 96A55B4B1F14AD6200FD3700 /* LocalDefaults.swift */; };
		96A874241F865B1E0097E432 /* SettingsVC.swift in Sources */ = {isa = PBXBuildFile; fileRef = 96A874231F865B1E0097E432 /* SettingsVC.swift */; };
		96A874261F865B270097E432 /* SettingsVM.swift in Sources */ = {isa = PBXBuildFile; fileRef = 96A874251F865B270097E432 /* SettingsVM.swift */; };
		96A9217E1F03FC9D0056BC5B /* Model.xcdatamodeld in Sources */ = {isa = PBXBuildFile; fileRef = 96A9217C1F03FC9D0056BC5B /* Model.xcdatamodeld */; };
		96A921891F03FF360056BC5B /* CoreData.framework in Frameworks */ = {isa = PBXBuildFile; fileRef = 96A921881F03FF360056BC5B /* CoreData.framework */; };
		96A9218C1F03FFF70056BC5B /* ManagedUser.swift in Sources */ = {isa = PBXBuildFile; fileRef = 96A9218A1F03FFF70056BC5B /* ManagedUser.swift */; };
		96B070861F0FDB78004C9249 /* Entry.swift in Sources */ = {isa = PBXBuildFile; fileRef = 96B070851F0FDB78004C9249 /* Entry.swift */; };
		96B070881F0FE5C8004C9249 /* RemoteEntry.swift in Sources */ = {isa = PBXBuildFile; fileRef = 96B070871F0FE5C8004C9249 /* RemoteEntry.swift */; };
		96B0708A1F0FE6D3004C9249 /* MappingHelper.swift in Sources */ = {isa = PBXBuildFile; fileRef = 96B070891F0FE6D3004C9249 /* MappingHelper.swift */; };
		96B607C01F18DBAC002B9AB5 /* BaseVM.swift in Sources */ = {isa = PBXBuildFile; fileRef = 96B607BF1F18DBAC002B9AB5 /* BaseVM.swift */; };
		96B607C41F18E7A1002B9AB5 /* ActivityIndicator.swift in Sources */ = {isa = PBXBuildFile; fileRef = 96B607C31F18E7A1002B9AB5 /* ActivityIndicator.swift */; };
		96B607C81F18F45E002B9AB5 /* Localizable.strings in Resources */ = {isa = PBXBuildFile; fileRef = 96B607CA1F18F45E002B9AB5 /* Localizable.strings */; };
		96B607D11F19097F002B9AB5 /* MainTabBarRouter.swift in Sources */ = {isa = PBXBuildFile; fileRef = 96B607D01F19097F002B9AB5 /* MainTabBarRouter.swift */; };
		96B607D31F190990002B9AB5 /* MainTabBarVM.swift in Sources */ = {isa = PBXBuildFile; fileRef = 96B607D21F190990002B9AB5 /* MainTabBarVM.swift */; };
		96B607D51F1A39C5002B9AB5 /* DateUtility.swift in Sources */ = {isa = PBXBuildFile; fileRef = 96B607D41F1A39C5002B9AB5 /* DateUtility.swift */; };
		96B607DC1F1BB92A002B9AB5 /* UIColor+SDAdditions.swift in Sources */ = {isa = PBXBuildFile; fileRef = 96B607DB1F1BB92A002B9AB5 /* UIColor+SDAdditions.swift */; };
		96B607E11F1C7A49002B9AB5 /* UIView+Extensions.swift in Sources */ = {isa = PBXBuildFile; fileRef = 96B607E01F1C7A49002B9AB5 /* UIView+Extensions.swift */; };
		96B607F61F1D01DE002B9AB5 /* Button.swift in Sources */ = {isa = PBXBuildFile; fileRef = 96B607F01F1D01DE002B9AB5 /* Button.swift */; };
		96B607F71F1D01DE002B9AB5 /* CircleGradientView.swift in Sources */ = {isa = PBXBuildFile; fileRef = 96B607F31F1D01DE002B9AB5 /* CircleGradientView.swift */; };
		96B607F81F1D01DE002B9AB5 /* JapaView.swift in Sources */ = {isa = PBXBuildFile; fileRef = 96B607F41F1D01DE002B9AB5 /* JapaView.swift */; };
		96B607F91F1D01DE002B9AB5 /* EntryView.swift in Sources */ = {isa = PBXBuildFile; fileRef = 96B607F51F1D01DE002B9AB5 /* EntryView.swift */; };
		96B607FB1F1D01EF002B9AB5 /* EntryCell.swift in Sources */ = {isa = PBXBuildFile; fileRef = 96B607FA1F1D01EF002B9AB5 /* EntryCell.swift */; };
		96B9A5651F25C04C000673B7 /* Time.swift in Sources */ = {isa = PBXBuildFile; fileRef = 96B9A5641F25C04C000673B7 /* Time.swift */; };
		96B9A5671F25DAAA000673B7 /* ManagedObject.swift in Sources */ = {isa = PBXBuildFile; fileRef = 96B9A5661F25DAAA000673B7 /* ManagedObject.swift */; };
		96E976771F15473400F6766F /* LoginVC.swift in Sources */ = {isa = PBXBuildFile; fileRef = 96E976761F15473400F6766F /* LoginVC.swift */; };
		96E976811F1548E600F6766F /* LoginVM.swift in Sources */ = {isa = PBXBuildFile; fileRef = 96E976801F1548E600F6766F /* LoginVM.swift */; };
		96E976851F16463B00F6766F /* BaseVC.swift in Sources */ = {isa = PBXBuildFile; fileRef = 96E976841F16463B00F6766F /* BaseVC.swift */; };
		96E9768D1F1734A000F6766F /* RxCocoa+Extensions.swift in Sources */ = {isa = PBXBuildFile; fileRef = 96E9768C1F1734A000F6766F /* RxCocoa+Extensions.swift */; };
		96FBCC171F3AE386004E26F6 /* GraphVC.swift in Sources */ = {isa = PBXBuildFile; fileRef = 96FBCC161F3AE386004E26F6 /* GraphVC.swift */; };
/* End PBXBuildFile section */

/* Begin PBXFileReference section */
		05D1DDB55E7989C94428503D /* Pods-Sadhana.prod-debug.xcconfig */ = {isa = PBXFileReference; includeInIndex = 1; lastKnownFileType = text.xcconfig; name = "Pods-Sadhana.prod-debug.xcconfig"; path = "Pods/Target Support Files/Pods-Sadhana/Pods-Sadhana.prod-debug.xcconfig"; sourceTree = "<group>"; };
		3052CDD956362BA858A7DB4E /* Pods-Sadhana.prod-release.xcconfig */ = {isa = PBXFileReference; includeInIndex = 1; lastKnownFileType = text.xcconfig; name = "Pods-Sadhana.prod-release.xcconfig"; path = "Pods/Target Support Files/Pods-Sadhana/Pods-Sadhana.prod-release.xcconfig"; sourceTree = "<group>"; };
		8917180F0D3D4E452DF3158F /* Pods-Sadhana.dev-release.xcconfig */ = {isa = PBXFileReference; includeInIndex = 1; lastKnownFileType = text.xcconfig; name = "Pods-Sadhana.dev-release.xcconfig"; path = "Pods/Target Support Files/Pods-Sadhana/Pods-Sadhana.dev-release.xcconfig"; sourceTree = "<group>"; };
		96086DD61F3B2FB2006C9312 /* GraphVM.swift */ = {isa = PBXFileReference; fileEncoding = 4; lastKnownFileType = sourcecode.swift; name = GraphVM.swift; path = Sadhana/Sources/GUI/Base/Graph/GraphVM.swift; sourceTree = SOURCE_ROOT; };
		960A0D411F273F5700356152 /* CircleView.swift */ = {isa = PBXFileReference; fileEncoding = 4; lastKnownFileType = sourcecode.swift; path = CircleView.swift; sourceTree = "<group>"; };
		960A0D441F2770D000356152 /* WeekVC.swift */ = {isa = PBXFileReference; fileEncoding = 4; lastKnownFileType = sourcecode.swift; path = WeekVC.swift; sourceTree = "<group>"; };
		960A0D471F2876C000356152 /* EditingVC.swift */ = {isa = PBXFileReference; fileEncoding = 4; lastKnownFileType = sourcecode.swift; path = EditingVC.swift; sourceTree = "<group>"; };
		960A0D481F2876C000356152 /* EditingVM.swift */ = {isa = PBXFileReference; fileEncoding = 4; lastKnownFileType = sourcecode.swift; path = EditingVM.swift; sourceTree = "<group>"; };
		960A0D491F2876C000356152 /* EntryEditingVC.swift */ = {isa = PBXFileReference; fileEncoding = 4; lastKnownFileType = sourcecode.swift; path = EntryEditingVC.swift; sourceTree = "<group>"; };
		960A0D4A1F2876C000356152 /* EntryEditingVM.swift */ = {isa = PBXFileReference; fileEncoding = 4; lastKnownFileType = sourcecode.swift; path = EntryEditingVM.swift; sourceTree = "<group>"; };
		960A0D4C1F2876C000356152 /* MyGraphRouter.swift */ = {isa = PBXFileReference; fileEncoding = 4; lastKnownFileType = sourcecode.swift; path = MyGraphRouter.swift; sourceTree = "<group>"; };
		960A0D4D1F2876C000356152 /* MyGraphVC.swift */ = {isa = PBXFileReference; fileEncoding = 4; lastKnownFileType = sourcecode.swift; path = MyGraphVC.swift; sourceTree = "<group>"; };
		960A0D4E1F2876C000356152 /* MyGraphVM.swift */ = {isa = PBXFileReference; fileEncoding = 4; lastKnownFileType = sourcecode.swift; path = MyGraphVM.swift; sourceTree = "<group>"; };
		9612BD881F02BD3400336A1B /* RxSwift+Extensions.swift */ = {isa = PBXFileReference; fileEncoding = 4; lastKnownFileType = sourcecode.swift; path = "RxSwift+Extensions.swift"; sourceTree = "<group>"; };
		9612BD8A1F02BE4400336A1B /* MyPlayground.playground */ = {isa = PBXFileReference; lastKnownFileType = file.playground; path = MyPlayground.playground; sourceTree = "<group>"; };
		961D389C1F24750000E73E21 /* CountView.swift */ = {isa = PBXFileReference; fileEncoding = 4; lastKnownFileType = sourcecode.swift; name = CountView.swift; path = ../../Components/View/CountView.swift; sourceTree = "<group>"; };
		964C27CE1F4C9BFB0006593C /* OtherGraphVC.swift */ = {isa = PBXFileReference; fileEncoding = 4; lastKnownFileType = sourcecode.swift; path = OtherGraphVC.swift; sourceTree = "<group>"; };
		964C828F1F17D5A200A41D8A /* NavigationVC.swift */ = {isa = PBXFileReference; fileEncoding = 4; lastKnownFileType = sourcecode.swift; path = NavigationVC.swift; sourceTree = "<group>"; };
		9652C9911F45AC5C0065458B /* Merge.xcconfig */ = {isa = PBXFileReference; lastKnownFileType = text.xcconfig; path = Merge.xcconfig; sourceTree = "<group>"; };
		9652C9921F45D8160065458B /* KeyboardManager.swift */ = {isa = PBXFileReference; fileEncoding = 4; lastKnownFileType = sourcecode.swift; path = KeyboardManager.swift; sourceTree = "<group>"; };
		9652C99A1F46D4360065458B /* FormVC.swift */ = {isa = PBXFileReference; fileEncoding = 4; lastKnownFileType = sourcecode.swift; path = FormVC.swift; sourceTree = "<group>"; };
		9652C9A21F46DE140065458B /* BoolFormCell.swift */ = {isa = PBXFileReference; fileEncoding = 4; lastKnownFileType = sourcecode.swift; path = BoolFormCell.swift; sourceTree = "<group>"; };
		9652C9A31F46DE140065458B /* ContainerFormCell.swift */ = {isa = PBXFileReference; fileEncoding = 4; lastKnownFileType = sourcecode.swift; path = ContainerFormCell.swift; sourceTree = "<group>"; };
		9652C9A41F46DE140065458B /* FormCell.swift */ = {isa = PBXFileReference; fileEncoding = 4; lastKnownFileType = sourcecode.swift; path = FormCell.swift; sourceTree = "<group>"; };
		9652C9A51F46DE140065458B /* TimeFormCell.swift */ = {isa = PBXFileReference; fileEncoding = 4; lastKnownFileType = sourcecode.swift; path = TimeFormCell.swift; sourceTree = "<group>"; };
		9654AE991F1E656F00F75772 /* OnOffImageView.swift */ = {isa = PBXFileReference; fileEncoding = 4; lastKnownFileType = sourcecode.swift; path = OnOffImageView.swift; sourceTree = "<group>"; };
		966056A31EF2B50D00973FA4 /* Assets.xcassets */ = {isa = PBXFileReference; lastKnownFileType = folder.assetcatalog; path = Assets.xcassets; sourceTree = "<group>"; };
		966056A91EF2B50D00973FA4 /* AppDelegate.swift */ = {isa = PBXFileReference; fileEncoding = 4; lastKnownFileType = sourcecode.swift; path = AppDelegate.swift; sourceTree = "<group>"; };
		966395571F448915000CAEDB /* MainService.swift */ = {isa = PBXFileReference; fileEncoding = 4; lastKnownFileType = sourcecode.swift; path = MainService.swift; sourceTree = "<group>"; };
		96655F531F21FCC0000B0D02 /* FormTextField.swift */ = {isa = PBXFileReference; fileEncoding = 4; lastKnownFileType = sourcecode.swift; name = FormTextField.swift; path = ../../Components/View/FormTextField.swift; sourceTree = "<group>"; };
		9667E4501F1148AC002589AE /* ManagedEntry.swift */ = {isa = PBXFileReference; fileEncoding = 4; lastKnownFileType = sourcecode.swift; path = ManagedEntry.swift; sourceTree = "<group>"; };
		9669D5771F43696D00728E1A /* Debug.xcconfig */ = {isa = PBXFileReference; fileEncoding = 4; lastKnownFileType = text.xcconfig; path = Debug.xcconfig; sourceTree = "<group>"; };
		9669D5781F43696D00728E1A /* Dev-Debug.xcconfig */ = {isa = PBXFileReference; fileEncoding = 4; lastKnownFileType = text.xcconfig; path = "Dev-Debug.xcconfig"; sourceTree = "<group>"; };
		9669D5791F43696D00728E1A /* Dev-Release.xcconfig */ = {isa = PBXFileReference; fileEncoding = 4; lastKnownFileType = text.xcconfig; path = "Dev-Release.xcconfig"; sourceTree = "<group>"; };
		9669D57A1F43696D00728E1A /* Dev.xcconfig */ = {isa = PBXFileReference; fileEncoding = 4; lastKnownFileType = text.xcconfig; path = Dev.xcconfig; sourceTree = "<group>"; };
		9669D57B1F43696D00728E1A /* Prod-Debug.xcconfig */ = {isa = PBXFileReference; fileEncoding = 4; lastKnownFileType = text.xcconfig; path = "Prod-Debug.xcconfig"; sourceTree = "<group>"; };
		9669D57C1F43696D00728E1A /* Prod-Release.xcconfig */ = {isa = PBXFileReference; fileEncoding = 4; lastKnownFileType = text.xcconfig; path = "Prod-Release.xcconfig"; sourceTree = "<group>"; };
		9669D57D1F43696D00728E1A /* Prod.xcconfig */ = {isa = PBXFileReference; fileEncoding = 4; lastKnownFileType = text.xcconfig; path = Prod.xcconfig; sourceTree = "<group>"; };
		9669D57E1F43696D00728E1A /* Release.xcconfig */ = {isa = PBXFileReference; fileEncoding = 4; lastKnownFileType = text.xcconfig; path = Release.xcconfig; sourceTree = "<group>"; };
		9669D57F1F43696D00728E1A /* Sadhana.xcconfig */ = {isa = PBXFileReference; fileEncoding = 4; lastKnownFileType = text.xcconfig; path = Sadhana.xcconfig; sourceTree = "<group>"; };
		9669D5801F43696D00728E1A /* Info.plist */ = {isa = PBXFileReference; fileEncoding = 4; lastKnownFileType = text.plist.xml; path = Info.plist; sourceTree = "<group>"; };
		9669D58E1F4369A100728E1A /* en */ = {isa = PBXFileReference; lastKnownFileType = text.plist.strings; name = en; path = en.lproj/InfoPlist.strings; sourceTree = "<group>"; };
		9669D5901F4369A300728E1A /* ru */ = {isa = PBXFileReference; lastKnownFileType = text.plist.strings; name = ru; path = ru.lproj/InfoPlist.strings; sourceTree = "<group>"; };
		967D791D1F00F10C00A961D6 /* User.swift */ = {isa = PBXFileReference; fileEncoding = 4; lastKnownFileType = sourcecode.swift; path = User.swift; sourceTree = "<group>"; };
		967D79201F00F3CD00A961D6 /* LocalService.swift */ = {isa = PBXFileReference; fileEncoding = 4; lastKnownFileType = sourcecode.swift; path = LocalService.swift; sourceTree = "<group>"; };
		967D79231F00F3CD00A961D6 /* RemoteService.swift */ = {isa = PBXFileReference; fileEncoding = 4; lastKnownFileType = sourcecode.swift; path = RemoteService.swift; sourceTree = "<group>"; };
		967D79261F00F3E100A961D6 /* RemoteUser.swift */ = {isa = PBXFileReference; fileEncoding = 4; lastKnownFileType = sourcecode.swift; path = RemoteUser.swift; sourceTree = "<group>"; };
		967D79281F00F63E00A961D6 /* General.swift */ = {isa = PBXFileReference; fileEncoding = 4; lastKnownFileType = sourcecode.swift; path = General.swift; sourceTree = "<group>"; };
		96A196B91F48256F00AAB635 /* Responder.swift */ = {isa = PBXFileReference; fileEncoding = 4; lastKnownFileType = sourcecode.swift; path = Responder.swift; sourceTree = "<group>"; };
		96A196BE1F4AFB7C00AAB635 /* AllGraphListVC.swift */ = {isa = PBXFileReference; fileEncoding = 4; lastKnownFileType = sourcecode.swift; path = AllGraphListVC.swift; sourceTree = "<group>"; };
		96A196C01F4AFB8D00AAB635 /* AllGraphListVM.swift */ = {isa = PBXFileReference; fileEncoding = 4; lastKnownFileType = sourcecode.swift; path = AllGraphListVM.swift; sourceTree = "<group>"; };
		96A196C21F4AFBA400AAB635 /* FavoriteGraphListVC.swift */ = {isa = PBXFileReference; fileEncoding = 4; lastKnownFileType = sourcecode.swift; path = FavoriteGraphListVC.swift; sourceTree = "<group>"; };
		96A196C41F4AFBAD00AAB635 /* FavoriteGraphListVM.swift */ = {isa = PBXFileReference; fileEncoding = 4; lastKnownFileType = sourcecode.swift; path = FavoriteGraphListVM.swift; sourceTree = "<group>"; };
		96A196C61F4AFBB800AAB635 /* GraphListVC.swift */ = {isa = PBXFileReference; fileEncoding = 4; lastKnownFileType = sourcecode.swift; path = GraphListVC.swift; sourceTree = "<group>"; };
		96A196C81F4AFBBF00AAB635 /* GraphListVM.swift */ = {isa = PBXFileReference; fileEncoding = 4; lastKnownFileType = sourcecode.swift; path = GraphListVM.swift; sourceTree = "<group>"; };
		96A196CA1F4AFCE800AAB635 /* OtherGraphListRouter.swift */ = {isa = PBXFileReference; fileEncoding = 4; lastKnownFileType = sourcecode.swift; path = OtherGraphListRouter.swift; sourceTree = "<group>"; };
		96A196CC1F4AFE1B00AAB635 /* OtherGraphListContainerVC.swift */ = {isa = PBXFileReference; fileEncoding = 4; lastKnownFileType = sourcecode.swift; path = OtherGraphListContainerVC.swift; sourceTree = "<group>"; };
		96A196D01F4C1CDD00AAB635 /* GraphCell.swift */ = {isa = PBXFileReference; fileEncoding = 4; lastKnownFileType = sourcecode.swift; path = GraphCell.swift; sourceTree = "<group>"; };
		96A196F01F4C921100AAB635 /* OtherGraphVM.swift */ = {isa = PBXFileReference; fileEncoding = 4; lastKnownFileType = sourcecode.swift; path = OtherGraphVM.swift; sourceTree = "<group>"; };
		96A55B471F12919300FD3700 /* RootRouter.swift */ = {isa = PBXFileReference; fileEncoding = 4; lastKnownFileType = sourcecode.swift; path = RootRouter.swift; sourceTree = "<group>"; };
		96A55B491F1291D500FD3700 /* MainTabBarVC.swift */ = {isa = PBXFileReference; fileEncoding = 4; lastKnownFileType = sourcecode.swift; path = MainTabBarVC.swift; sourceTree = "<group>"; };
		96A55B4B1F14AD6200FD3700 /* LocalDefaults.swift */ = {isa = PBXFileReference; fileEncoding = 4; lastKnownFileType = sourcecode.swift; path = LocalDefaults.swift; sourceTree = "<group>"; };
		96A874231F865B1E0097E432 /* SettingsVC.swift */ = {isa = PBXFileReference; lastKnownFileType = sourcecode.swift; path = SettingsVC.swift; sourceTree = "<group>"; };
		96A874251F865B270097E432 /* SettingsVM.swift */ = {isa = PBXFileReference; lastKnownFileType = sourcecode.swift; path = SettingsVM.swift; sourceTree = "<group>"; };
		96A9217D1F03FC9D0056BC5B /* Model.xcdatamodel */ = {isa = PBXFileReference; lastKnownFileType = wrapper.xcdatamodel; path = Model.xcdatamodel; sourceTree = "<group>"; };
		96A921881F03FF360056BC5B /* CoreData.framework */ = {isa = PBXFileReference; lastKnownFileType = wrapper.framework; name = CoreData.framework; path = System/Library/Frameworks/CoreData.framework; sourceTree = SDKROOT; };
		96A9218A1F03FFF70056BC5B /* ManagedUser.swift */ = {isa = PBXFileReference; fileEncoding = 4; lastKnownFileType = sourcecode.swift; path = ManagedUser.swift; sourceTree = "<group>"; };
		96B070851F0FDB78004C9249 /* Entry.swift */ = {isa = PBXFileReference; fileEncoding = 4; lastKnownFileType = sourcecode.swift; path = Entry.swift; sourceTree = "<group>"; };
		96B070871F0FE5C8004C9249 /* RemoteEntry.swift */ = {isa = PBXFileReference; fileEncoding = 4; lastKnownFileType = sourcecode.swift; path = RemoteEntry.swift; sourceTree = "<group>"; };
		96B070891F0FE6D3004C9249 /* MappingHelper.swift */ = {isa = PBXFileReference; fileEncoding = 4; lastKnownFileType = sourcecode.swift; path = MappingHelper.swift; sourceTree = "<group>"; };
		96B607BF1F18DBAC002B9AB5 /* BaseVM.swift */ = {isa = PBXFileReference; fileEncoding = 4; lastKnownFileType = sourcecode.swift; path = BaseVM.swift; sourceTree = "<group>"; };
		96B607C31F18E7A1002B9AB5 /* ActivityIndicator.swift */ = {isa = PBXFileReference; fileEncoding = 4; lastKnownFileType = sourcecode.swift; path = ActivityIndicator.swift; sourceTree = "<group>"; };
		96B607C91F18F45E002B9AB5 /* ru */ = {isa = PBXFileReference; lastKnownFileType = text.plist.strings; name = ru; path = ru.lproj/Localizable.strings; sourceTree = "<group>"; };
		96B607CB1F18F462002B9AB5 /* en */ = {isa = PBXFileReference; lastKnownFileType = text.plist.strings; name = en; path = en.lproj/Localizable.strings; sourceTree = "<group>"; };
		96B607D01F19097F002B9AB5 /* MainTabBarRouter.swift */ = {isa = PBXFileReference; fileEncoding = 4; lastKnownFileType = sourcecode.swift; path = MainTabBarRouter.swift; sourceTree = "<group>"; };
		96B607D21F190990002B9AB5 /* MainTabBarVM.swift */ = {isa = PBXFileReference; fileEncoding = 4; lastKnownFileType = sourcecode.swift; path = MainTabBarVM.swift; sourceTree = "<group>"; };
		96B607D41F1A39C5002B9AB5 /* DateUtility.swift */ = {isa = PBXFileReference; fileEncoding = 4; lastKnownFileType = sourcecode.swift; path = DateUtility.swift; sourceTree = "<group>"; };
		96B607DB1F1BB92A002B9AB5 /* UIColor+SDAdditions.swift */ = {isa = PBXFileReference; fileEncoding = 4; lastKnownFileType = sourcecode.swift; path = "UIColor+SDAdditions.swift"; sourceTree = "<group>"; };
		96B607E01F1C7A49002B9AB5 /* UIView+Extensions.swift */ = {isa = PBXFileReference; fileEncoding = 4; lastKnownFileType = sourcecode.swift; path = "UIView+Extensions.swift"; sourceTree = "<group>"; };
		96B607F01F1D01DE002B9AB5 /* Button.swift */ = {isa = PBXFileReference; fileEncoding = 4; lastKnownFileType = sourcecode.swift; path = Button.swift; sourceTree = "<group>"; };
		96B607F31F1D01DE002B9AB5 /* CircleGradientView.swift */ = {isa = PBXFileReference; fileEncoding = 4; lastKnownFileType = sourcecode.swift; path = CircleGradientView.swift; sourceTree = "<group>"; };
		96B607F41F1D01DE002B9AB5 /* JapaView.swift */ = {isa = PBXFileReference; fileEncoding = 4; lastKnownFileType = sourcecode.swift; path = JapaView.swift; sourceTree = "<group>"; };
		96B607F51F1D01DE002B9AB5 /* EntryView.swift */ = {isa = PBXFileReference; fileEncoding = 4; lastKnownFileType = sourcecode.swift; path = EntryView.swift; sourceTree = "<group>"; };
		96B607FA1F1D01EF002B9AB5 /* EntryCell.swift */ = {isa = PBXFileReference; fileEncoding = 4; lastKnownFileType = sourcecode.swift; path = EntryCell.swift; sourceTree = "<group>"; };
		96B9A5641F25C04C000673B7 /* Time.swift */ = {isa = PBXFileReference; fileEncoding = 4; lastKnownFileType = sourcecode.swift; path = Time.swift; sourceTree = "<group>"; };
		96B9A5661F25DAAA000673B7 /* ManagedObject.swift */ = {isa = PBXFileReference; fileEncoding = 4; lastKnownFileType = sourcecode.swift; path = ManagedObject.swift; sourceTree = "<group>"; };
		96E976761F15473400F6766F /* LoginVC.swift */ = {isa = PBXFileReference; fileEncoding = 4; lastKnownFileType = sourcecode.swift; path = LoginVC.swift; sourceTree = "<group>"; };
		96E976801F1548E600F6766F /* LoginVM.swift */ = {isa = PBXFileReference; fileEncoding = 4; lastKnownFileType = sourcecode.swift; path = LoginVM.swift; sourceTree = "<group>"; };
		96E976841F16463B00F6766F /* BaseVC.swift */ = {isa = PBXFileReference; fileEncoding = 4; lastKnownFileType = sourcecode.swift; path = BaseVC.swift; sourceTree = "<group>"; };
		96E9768C1F1734A000F6766F /* RxCocoa+Extensions.swift */ = {isa = PBXFileReference; fileEncoding = 4; lastKnownFileType = sourcecode.swift; path = "RxCocoa+Extensions.swift"; sourceTree = "<group>"; };
		96F600501EC996AC006DAECE /* Sadhana Dev.app */ = {isa = PBXFileReference; explicitFileType = wrapper.application; includeInIndex = 0; path = "Sadhana Dev.app"; sourceTree = BUILT_PRODUCTS_DIR; };
		96FBCC161F3AE386004E26F6 /* GraphVC.swift */ = {isa = PBXFileReference; fileEncoding = 4; lastKnownFileType = sourcecode.swift; name = GraphVC.swift; path = Sadhana/Sources/GUI/Base/Graph/GraphVC.swift; sourceTree = SOURCE_ROOT; };
		A1A22DCDB6FD8FA97E2D8CCC /* Pods-Sadhana.release.xcconfig */ = {isa = PBXFileReference; includeInIndex = 1; lastKnownFileType = text.xcconfig; name = "Pods-Sadhana.release.xcconfig"; path = "Pods/Target Support Files/Pods-Sadhana/Pods-Sadhana.release.xcconfig"; sourceTree = "<group>"; };
		B0B60592337E436959AB732F /* Pods_Sadhana.framework */ = {isa = PBXFileReference; explicitFileType = wrapper.framework; includeInIndex = 0; path = Pods_Sadhana.framework; sourceTree = BUILT_PRODUCTS_DIR; };
		E2023B1DDA367BF561B5CECF /* Pods-Sadhana.debug.xcconfig */ = {isa = PBXFileReference; includeInIndex = 1; lastKnownFileType = text.xcconfig; name = "Pods-Sadhana.debug.xcconfig"; path = "Pods/Target Support Files/Pods-Sadhana/Pods-Sadhana.debug.xcconfig"; sourceTree = "<group>"; };
		FC70224F53192C58E2BEE28E /* Pods-Sadhana.dev-debug.xcconfig */ = {isa = PBXFileReference; includeInIndex = 1; lastKnownFileType = text.xcconfig; name = "Pods-Sadhana.dev-debug.xcconfig"; path = "Pods/Target Support Files/Pods-Sadhana/Pods-Sadhana.dev-debug.xcconfig"; sourceTree = "<group>"; };
/* End PBXFileReference section */

/* Begin PBXFrameworksBuildPhase section */
		96F6004D1EC996AC006DAECE /* Frameworks */ = {
			isa = PBXFrameworksBuildPhase;
			buildActionMask = 2147483647;
			files = (
				96A921891F03FF360056BC5B /* CoreData.framework in Frameworks */,
				30C7E711667CDBC29B92157F /* Pods_Sadhana.framework in Frameworks */,
			);
			runOnlyForDeploymentPostprocessing = 0;
		};
/* End PBXFrameworksBuildPhase section */

/* Begin PBXGroup section */
		521E873884D8805D3F1CE802 /* Pods */ = {
			isa = PBXGroup;
			children = (
				E2023B1DDA367BF561B5CECF /* Pods-Sadhana.debug.xcconfig */,
				A1A22DCDB6FD8FA97E2D8CCC /* Pods-Sadhana.release.xcconfig */,
				FC70224F53192C58E2BEE28E /* Pods-Sadhana.dev-debug.xcconfig */,
				8917180F0D3D4E452DF3158F /* Pods-Sadhana.dev-release.xcconfig */,
				05D1DDB55E7989C94428503D /* Pods-Sadhana.prod-debug.xcconfig */,
				3052CDD956362BA858A7DB4E /* Pods-Sadhana.prod-release.xcconfig */,
			);
			name = Pods;
			sourceTree = "<group>";
		};
		960A0D431F27706A00356152 /* ViewController */ = {
			isa = PBXGroup;
			children = (
				960A0D441F2770D000356152 /* WeekVC.swift */,
			);
			path = ViewController;
			sourceTree = "<group>";
		};
		960A0D461F2876C000356152 /* Edit */ = {
			isa = PBXGroup;
			children = (
				960A0D471F2876C000356152 /* EditingVC.swift */,
				960A0D481F2876C000356152 /* EditingVM.swift */,
				960A0D491F2876C000356152 /* EntryEditingVC.swift */,
				960A0D4A1F2876C000356152 /* EntryEditingVM.swift */,
			);
			path = Edit;
			sourceTree = "<group>";
		};
		960A0D4B1F2876C000356152 /* MyGraph */ = {
			isa = PBXGroup;
			children = (
				96A874221F865B110097E432 /* Settings */,
				960A0D4C1F2876C000356152 /* MyGraphRouter.swift */,
				960A0D4D1F2876C000356152 /* MyGraphVC.swift */,
				960A0D4E1F2876C000356152 /* MyGraphVM.swift */,
			);
			path = MyGraph;
			sourceTree = "<group>";
		};
		9612BD871F02BD2200336A1B /* Extensions */ = {
			isa = PBXGroup;
			children = (
				9612BD881F02BD3400336A1B /* RxSwift+Extensions.swift */,
				96E9768C1F1734A000F6766F /* RxCocoa+Extensions.swift */,
			);
			path = Extensions;
			sourceTree = "<group>";
		};
		9652C9941F46D4360065458B /* Form */ = {
			isa = PBXGroup;
			children = (
				9652C9A01F46DE140065458B /* Component */,
				9652C99A1F46D4360065458B /* FormVC.swift */,
			);
			path = Form;
			sourceTree = "<group>";
		};
		9652C9A01F46DE140065458B /* Component */ = {
			isa = PBXGroup;
			children = (
				961D389C1F24750000E73E21 /* CountView.swift */,
				96655F531F21FCC0000B0D02 /* FormTextField.swift */,
				9652C9A11F46DE140065458B /* Cell */,
			);
			path = Component;
			sourceTree = "<group>";
		};
		9652C9A11F46DE140065458B /* Cell */ = {
			isa = PBXGroup;
			children = (
				9652C9A21F46DE140065458B /* BoolFormCell.swift */,
				9652C9A31F46DE140065458B /* ContainerFormCell.swift */,
				9652C9A41F46DE140065458B /* FormCell.swift */,
				9652C9A51F46DE140065458B /* TimeFormCell.swift */,
			);
			path = Cell;
			sourceTree = "<group>";
		};
		9654AE981F1E1AA600F75772 /* Graph */ = {
			isa = PBXGroup;
			children = (
				96FBCC161F3AE386004E26F6 /* GraphVC.swift */,
				96086DD61F3B2FB2006C9312 /* GraphVM.swift */,
			);
			name = Graph;
			path = Sadhana;
			sourceTree = "<group>";
		};
		966056A21EF2B50D00973FA4 /* Resources */ = {
			isa = PBXGroup;
			children = (
				966056A31EF2B50D00973FA4 /* Assets.xcassets */,
				96B607CA1F18F45E002B9AB5 /* Localizable.strings */,
			);
			path = Resources;
			sourceTree = "<group>";
		};
		966056A81EF2B50D00973FA4 /* Sources */ = {
			isa = PBXGroup;
			children = (
				966056A91EF2B50D00973FA4 /* AppDelegate.swift */,
				967D79281F00F63E00A961D6 /* General.swift */,
				966056AA1EF2B50D00973FA4 /* GUI */,
				966056AF1EF2B50D00973FA4 /* Services */,
				967D791C1F00F10200A961D6 /* Model */,
				966056B01EF2B50D00973FA4 /* Utilites */,
				9612BD8A1F02BE4400336A1B /* MyPlayground.playground */,
			);
			path = Sources;
			sourceTree = "<group>";
		};
		966056AA1EF2B50D00973FA4 /* GUI */ = {
			isa = PBXGroup;
			children = (
				96A55B471F12919300FD3700 /* RootRouter.swift */,
				96A55B431F12917200FD3700 /* Base */,
				96B607EE1F1D01DE002B9AB5 /* Components */,
				9652C9941F46D4360065458B /* Form */,
				96A55B441F12917200FD3700 /* Login */,
				96A55B461F12917200FD3700 /* TabBar */,
				966056AE1EF2B50D00973FA4 /* Utilites */,
			);
			path = GUI;
			sourceTree = "<group>";
		};
		966056AE1EF2B50D00973FA4 /* Utilites */ = {
			isa = PBXGroup;
			children = (
				96B607D71F1BB65F002B9AB5 /* Extensions */,
				9652C9921F45D8160065458B /* KeyboardManager.swift */,
				96A196B91F48256F00AAB635 /* Responder.swift */,
			);
			path = Utilites;
			sourceTree = "<group>";
		};
		966056AF1EF2B50D00973FA4 /* Services */ = {
			isa = PBXGroup;
			children = (
				966395571F448915000CAEDB /* MainService.swift */,
				967D791F1F00F3CD00A961D6 /* Local */,
				967D79211F00F3CD00A961D6 /* Remote */,
			);
			path = Services;
			sourceTree = "<group>";
		};
		966056B01EF2B50D00973FA4 /* Utilites */ = {
			isa = PBXGroup;
			children = (
				96B607C21F18E7A1002B9AB5 /* Rx */,
				9612BD871F02BD2200336A1B /* Extensions */,
				96B607D41F1A39C5002B9AB5 /* DateUtility.swift */,
			);
			path = Utilites;
			sourceTree = "<group>";
		};
		9669D5751F43696D00728E1A /* SupportingFiles */ = {
			isa = PBXGroup;
			children = (
				9669D5761F43696D00728E1A /* Configs */,
				9669D5801F43696D00728E1A /* Info.plist */,
				9669D58F1F4369A100728E1A /* InfoPlist.strings */,
			);
			path = SupportingFiles;
			sourceTree = "<group>";
		};
		9669D5761F43696D00728E1A /* Configs */ = {
			isa = PBXGroup;
			children = (
				9669D57F1F43696D00728E1A /* Sadhana.xcconfig */,
				9669D57A1F43696D00728E1A /* Dev.xcconfig */,
				9669D57D1F43696D00728E1A /* Prod.xcconfig */,
				9669D5771F43696D00728E1A /* Debug.xcconfig */,
				9669D57E1F43696D00728E1A /* Release.xcconfig */,
				9669D5781F43696D00728E1A /* Dev-Debug.xcconfig */,
				9669D5791F43696D00728E1A /* Dev-Release.xcconfig */,
				9669D57B1F43696D00728E1A /* Prod-Debug.xcconfig */,
				9669D57C1F43696D00728E1A /* Prod-Release.xcconfig */,
				9652C9911F45AC5C0065458B /* Merge.xcconfig */,
			);
			path = Configs;
			sourceTree = "<group>";
		};
		967D791C1F00F10200A961D6 /* Model */ = {
			isa = PBXGroup;
			children = (
				967D791D1F00F10C00A961D6 /* User.swift */,
				96B070851F0FDB78004C9249 /* Entry.swift */,
				96B9A5641F25C04C000673B7 /* Time.swift */,
			);
			path = Model;
			sourceTree = "<group>";
		};
		967D791F1F00F3CD00A961D6 /* Local */ = {
			isa = PBXGroup;
			children = (
				967D79201F00F3CD00A961D6 /* LocalService.swift */,
				96A55B4B1F14AD6200FD3700 /* LocalDefaults.swift */,
				96A9217B1F03FC880056BC5B /* Model */,
			);
			path = Local;
			sourceTree = "<group>";
		};
		967D79211F00F3CD00A961D6 /* Remote */ = {
			isa = PBXGroup;
			children = (
				967D79231F00F3CD00A961D6 /* RemoteService.swift */,
				967D79221F00F3CD00A961D6 /* Model */,
			);
			path = Remote;
			sourceTree = "<group>";
		};
		967D79221F00F3CD00A961D6 /* Model */ = {
			isa = PBXGroup;
			children = (
				96B070891F0FE6D3004C9249 /* MappingHelper.swift */,
				967D79261F00F3E100A961D6 /* RemoteUser.swift */,
				96B070871F0FE5C8004C9249 /* RemoteEntry.swift */,
			);
			path = Model;
			sourceTree = "<group>";
		};
		96A196BB1F4AFB4D00AAB635 /* OtherGraphList */ = {
			isa = PBXGroup;
			children = (
				96A196CF1F4B11B900AAB635 /* Cell */,
				96A196CA1F4AFCE800AAB635 /* OtherGraphListRouter.swift */,
				96A196CC1F4AFE1B00AAB635 /* OtherGraphListContainerVC.swift */,
				96A196C61F4AFBB800AAB635 /* GraphListVC.swift */,
				96A196C81F4AFBBF00AAB635 /* GraphListVM.swift */,
				96A196BC1F4AFB4D00AAB635 /* All */,
				96A196BD1F4AFB4D00AAB635 /* Favorite */,
			);
			path = OtherGraphList;
			sourceTree = "<group>";
		};
		96A196BC1F4AFB4D00AAB635 /* All */ = {
			isa = PBXGroup;
			children = (
				96A196BE1F4AFB7C00AAB635 /* AllGraphListVC.swift */,
				96A196C01F4AFB8D00AAB635 /* AllGraphListVM.swift */,
				964C27CE1F4C9BFB0006593C /* OtherGraphVC.swift */,
				96A196F01F4C921100AAB635 /* OtherGraphVM.swift */,
			);
			path = All;
			sourceTree = "<group>";
		};
		96A196BD1F4AFB4D00AAB635 /* Favorite */ = {
			isa = PBXGroup;
			children = (
				96A196C21F4AFBA400AAB635 /* FavoriteGraphListVC.swift */,
				96A196C41F4AFBAD00AAB635 /* FavoriteGraphListVM.swift */,
			);
			path = Favorite;
			sourceTree = "<group>";
		};
		96A196CF1F4B11B900AAB635 /* Cell */ = {
			isa = PBXGroup;
			children = (
				96A196D01F4C1CDD00AAB635 /* GraphCell.swift */,
			);
			path = Cell;
			sourceTree = "<group>";
		};
		96A55B431F12917200FD3700 /* Base */ = {
			isa = PBXGroup;
			children = (
				9654AE981F1E1AA600F75772 /* Graph */,
				96E976841F16463B00F6766F /* BaseVC.swift */,
				96B607BF1F18DBAC002B9AB5 /* BaseVM.swift */,
				964C828F1F17D5A200A41D8A /* NavigationVC.swift */,
			);
			path = Base;
			sourceTree = "<group>";
		};
		96A55B441F12917200FD3700 /* Login */ = {
			isa = PBXGroup;
			children = (
				96E976761F15473400F6766F /* LoginVC.swift */,
				96E976801F1548E600F6766F /* LoginVM.swift */,
			);
			path = Login;
			sourceTree = "<group>";
		};
		96A55B461F12917200FD3700 /* TabBar */ = {
			isa = PBXGroup;
			children = (
				96B607D01F19097F002B9AB5 /* MainTabBarRouter.swift */,
				96A55B491F1291D500FD3700 /* MainTabBarVC.swift */,
				96B607D21F190990002B9AB5 /* MainTabBarVM.swift */,
				960A0D4B1F2876C000356152 /* MyGraph */,
				960A0D461F2876C000356152 /* Edit */,
				96A196BB1F4AFB4D00AAB635 /* OtherGraphList */,
			);
			path = TabBar;
			sourceTree = "<group>";
		};
		96A874221F865B110097E432 /* Settings */ = {
			isa = PBXGroup;
			children = (
				96A874231F865B1E0097E432 /* SettingsVC.swift */,
				96A874251F865B270097E432 /* SettingsVM.swift */,
			);
			path = Settings;
			sourceTree = "<group>";
		};
		96A9217B1F03FC880056BC5B /* Model */ = {
			isa = PBXGroup;
			children = (
				96A9217F1F03FD4A0056BC5B /* ManagedObjects */,
				96A9217C1F03FC9D0056BC5B /* Model.xcdatamodeld */,
			);
			path = Model;
			sourceTree = "<group>";
		};
		96A9217F1F03FD4A0056BC5B /* ManagedObjects */ = {
			isa = PBXGroup;
			children = (
				96B9A5661F25DAAA000673B7 /* ManagedObject.swift */,
				96A9218A1F03FFF70056BC5B /* ManagedUser.swift */,
				9667E4501F1148AC002589AE /* ManagedEntry.swift */,
			);
			path = ManagedObjects;
			sourceTree = "<group>";
		};
		96B607C21F18E7A1002B9AB5 /* Rx */ = {
			isa = PBXGroup;
			children = (
				96B607C31F18E7A1002B9AB5 /* ActivityIndicator.swift */,
			);
			path = Rx;
			sourceTree = "<group>";
		};
		96B607D71F1BB65F002B9AB5 /* Extensions */ = {
			isa = PBXGroup;
			children = (
				96B607DB1F1BB92A002B9AB5 /* UIColor+SDAdditions.swift */,
				96B607E01F1C7A49002B9AB5 /* UIView+Extensions.swift */,
			);
			path = Extensions;
			sourceTree = "<group>";
		};
		96B607EE1F1D01DE002B9AB5 /* Components */ = {
			isa = PBXGroup;
			children = (
				960A0D431F27706A00356152 /* ViewController */,
				96B607EF1F1D01DE002B9AB5 /* Button */,
				96B607F11F1D01DE002B9AB5 /* Cell */,
				96B607F21F1D01DE002B9AB5 /* View */,
			);
			path = Components;
			sourceTree = "<group>";
		};
		96B607EF1F1D01DE002B9AB5 /* Button */ = {
			isa = PBXGroup;
			children = (
				96B607F01F1D01DE002B9AB5 /* Button.swift */,
			);
			path = Button;
			sourceTree = "<group>";
		};
		96B607F11F1D01DE002B9AB5 /* Cell */ = {
			isa = PBXGroup;
			children = (
				96B607FA1F1D01EF002B9AB5 /* EntryCell.swift */,
			);
			path = Cell;
			sourceTree = "<group>";
		};
		96B607F21F1D01DE002B9AB5 /* View */ = {
			isa = PBXGroup;
			children = (
				96B607F31F1D01DE002B9AB5 /* CircleGradientView.swift */,
				96B607F41F1D01DE002B9AB5 /* JapaView.swift */,
				96B607F51F1D01DE002B9AB5 /* EntryView.swift */,
				9654AE991F1E656F00F75772 /* OnOffImageView.swift */,
				960A0D411F273F5700356152 /* CircleView.swift */,
			);
			path = View;
			sourceTree = "<group>";
		};
		96F600471EC996AC006DAECE = {
			isa = PBXGroup;
			children = (
				96F600521EC996AC006DAECE /* Sadhana */,
				96F600511EC996AC006DAECE /* Products */,
				521E873884D8805D3F1CE802 /* Pods */,
				BE0E881CE1E0CBEEC8CB8F93 /* Frameworks */,
			);
			sourceTree = "<group>";
		};
		96F600511EC996AC006DAECE /* Products */ = {
			isa = PBXGroup;
			children = (
				96F600501EC996AC006DAECE /* Sadhana Dev.app */,
			);
			name = Products;
			sourceTree = "<group>";
		};
		96F600521EC996AC006DAECE /* Sadhana */ = {
			isa = PBXGroup;
			children = (
				966056A81EF2B50D00973FA4 /* Sources */,
				966056A21EF2B50D00973FA4 /* Resources */,
				9669D5751F43696D00728E1A /* SupportingFiles */,
			);
			path = Sadhana;
			sourceTree = "<group>";
		};
		BE0E881CE1E0CBEEC8CB8F93 /* Frameworks */ = {
			isa = PBXGroup;
			children = (
				96A921881F03FF360056BC5B /* CoreData.framework */,
				B0B60592337E436959AB732F /* Pods_Sadhana.framework */,
			);
			name = Frameworks;
			sourceTree = "<group>";
		};
/* End PBXGroup section */

/* Begin PBXNativeTarget section */
		96F6004F1EC996AC006DAECE /* Sadhana */ = {
			isa = PBXNativeTarget;
			buildConfigurationList = 96F600641EC996AC006DAECE /* Build configuration list for PBXNativeTarget "Sadhana" */;
			buildPhases = (
				93E2FFE241D22707E34A4FFF /* [CP] Check Pods Manifest.lock */,
				96F6004C1EC996AC006DAECE /* Sources */,
				96F6004D1EC996AC006DAECE /* Frameworks */,
				96F6004E1EC996AC006DAECE /* Resources */,
				8BEF93875A25A91ED22FF6B7 /* [CP] Embed Pods Frameworks */,
				871768126BE3474AAF8538C8 /* [CP] Copy Pods Resources */,
				9669D5741F435C4D00728E1A /* ShellScript */,
			);
			buildRules = (
			);
			dependencies = (
			);
			name = Sadhana;
			productName = Sadhana;
			productReference = 96F600501EC996AC006DAECE /* Sadhana Dev.app */;
			productType = "com.apple.product-type.application";
		};
/* End PBXNativeTarget section */

/* Begin PBXProject section */
		96F600481EC996AC006DAECE /* Project object */ = {
			isa = PBXProject;
			attributes = {
				LastSwiftUpdateCheck = 0830;
				LastUpgradeCheck = 0900;
				ORGANIZATIONNAME = "Alexander Koryttsev";
				TargetAttributes = {
					96F6004F1EC996AC006DAECE = {
						CreatedOnToolsVersion = 8.3.2;
						DevelopmentTeam = 48MD2JEP44;
						LastSwiftMigration = 0900;
						ProvisioningStyle = Automatic;
					};
				};
			};
			buildConfigurationList = 96F6004B1EC996AC006DAECE /* Build configuration list for PBXProject "Sadhana" */;
			compatibilityVersion = "Xcode 3.2";
			developmentRegion = English;
			hasScannedForEncodings = 0;
			knownRegions = (
				en,
				Base,
				ru,
			);
			mainGroup = 96F600471EC996AC006DAECE;
			productRefGroup = 96F600511EC996AC006DAECE /* Products */;
			projectDirPath = "";
			projectRoot = "";
			targets = (
				96F6004F1EC996AC006DAECE /* Sadhana */,
			);
		};
/* End PBXProject section */

/* Begin PBXResourcesBuildPhase section */
		96F6004E1EC996AC006DAECE /* Resources */ = {
			isa = PBXResourcesBuildPhase;
			buildActionMask = 2147483647;
			files = (
				9669D58D1F4369A100728E1A /* InfoPlist.strings in Resources */,
				96B607C81F18F45E002B9AB5 /* Localizable.strings in Resources */,
				9612BD821F0130A700336A1B /* Assets.xcassets in Resources */,
			);
			runOnlyForDeploymentPostprocessing = 0;
		};
/* End PBXResourcesBuildPhase section */

/* Begin PBXShellScriptBuildPhase section */
		871768126BE3474AAF8538C8 /* [CP] Copy Pods Resources */ = {
			isa = PBXShellScriptBuildPhase;
			buildActionMask = 2147483647;
			files = (
			);
			inputPaths = (
			);
			name = "[CP] Copy Pods Resources";
			outputPaths = (
			);
			runOnlyForDeploymentPostprocessing = 0;
			shellPath = /bin/sh;
			shellScript = "\"${SRCROOT}/Pods/Target Support Files/Pods-Sadhana/Pods-Sadhana-resources.sh\"\n";
			showEnvVarsInLog = 0;
		};
		8BEF93875A25A91ED22FF6B7 /* [CP] Embed Pods Frameworks */ = {
			isa = PBXShellScriptBuildPhase;
			buildActionMask = 2147483647;
			files = (
			);
			inputPaths = (
			);
			name = "[CP] Embed Pods Frameworks";
			outputPaths = (
			);
			runOnlyForDeploymentPostprocessing = 0;
			shellPath = /bin/sh;
			shellScript = "\"${SRCROOT}/Pods/Target Support Files/Pods-Sadhana/Pods-Sadhana-frameworks.sh\"\n";
			showEnvVarsInLog = 0;
		};
		93E2FFE241D22707E34A4FFF /* [CP] Check Pods Manifest.lock */ = {
			isa = PBXShellScriptBuildPhase;
			buildActionMask = 2147483647;
			files = (
			);
			inputPaths = (
			);
			name = "[CP] Check Pods Manifest.lock";
			outputPaths = (
			);
			runOnlyForDeploymentPostprocessing = 0;
			shellPath = /bin/sh;
			shellScript = "diff \"${PODS_ROOT}/../Podfile.lock\" \"${PODS_ROOT}/Manifest.lock\" > /dev/null\nif [ $? != 0 ] ; then\n    # print error to STDERR\n    echo \"error: The sandbox is not in sync with the Podfile.lock. Run 'pod install' or update your CocoaPods installation.\" >&2\n    exit 1\nfi\n";
			showEnvVarsInLog = 0;
		};
		9669D5741F435C4D00728E1A /* ShellScript */ = {
			isa = PBXShellScriptBuildPhase;
			buildActionMask = 2147483647;
			files = (
			);
			inputPaths = (
			);
			outputPaths = (
			);
			runOnlyForDeploymentPostprocessing = 0;
			shellPath = /bin/sh;
			shellScript = "\"${PODS_ROOT}/Fabric/run\" ae7d436e85f03ef575d86aef87d7e7df0fd98ac2 1b1141c6e7a9c114ba6eb45edd69536af0f097e956cda1c6562a75d5bf7f08a4";
		};
/* End PBXShellScriptBuildPhase section */

/* Begin PBXSourcesBuildPhase section */
		96F6004C1EC996AC006DAECE /* Sources */ = {
			isa = PBXSourcesBuildPhase;
			buildActionMask = 2147483647;
			files = (
				96A55B481F12919300FD3700 /* RootRouter.swift in Sources */,
				96A196C51F4AFBAD00AAB635 /* FavoriteGraphListVM.swift in Sources */,
				967D79251F00F3CD00A961D6 /* RemoteService.swift in Sources */,
				961D389D1F24750000E73E21 /* CountView.swift in Sources */,
				96E976771F15473400F6766F /* LoginVC.swift in Sources */,
				96B607F61F1D01DE002B9AB5 /* Button.swift in Sources */,
				96A55B4C1F14AD6200FD3700 /* LocalDefaults.swift in Sources */,
				9652C9A61F46DE140065458B /* BoolFormCell.swift in Sources */,
				96E9768D1F1734A000F6766F /* RxCocoa+Extensions.swift in Sources */,
				9652C9A81F46DE140065458B /* FormCell.swift in Sources */,
				960A0D421F273F5700356152 /* CircleView.swift in Sources */,
				966056B41EF2B50D00973FA4 /* AppDelegate.swift in Sources */,
				96B607E11F1C7A49002B9AB5 /* UIView+Extensions.swift in Sources */,
				96B607C01F18DBAC002B9AB5 /* BaseVM.swift in Sources */,
				9652C9931F45D8160065458B /* KeyboardManager.swift in Sources */,
				96B070881F0FE5C8004C9249 /* RemoteEntry.swift in Sources */,
				96A196C31F4AFBA400AAB635 /* FavoriteGraphListVC.swift in Sources */,
				96B070861F0FDB78004C9249 /* Entry.swift in Sources */,
				960A0D511F2876C000356152 /* EntryEditingVC.swift in Sources */,
				96A196C71F4AFBB800AAB635 /* GraphListVC.swift in Sources */,
				96A874241F865B1E0097E432 /* SettingsVC.swift in Sources */,
				96B9A5671F25DAAA000673B7 /* ManagedObject.swift in Sources */,
				96A196CD1F4AFE1B00AAB635 /* OtherGraphListContainerVC.swift in Sources */,
				960A0D501F2876C000356152 /* EditingVM.swift in Sources */,
				967D79271F00F3E100A961D6 /* RemoteUser.swift in Sources */,
				9654AE9A1F1E656F00F75772 /* OnOffImageView.swift in Sources */,
				96B0708A1F0FE6D3004C9249 /* MappingHelper.swift in Sources */,
				964C27CF1F4C9BFB0006593C /* OtherGraphVC.swift in Sources */,
				960A0D541F2876C000356152 /* MyGraphVC.swift in Sources */,
				9612BD891F02BD3400336A1B /* RxSwift+Extensions.swift in Sources */,
				96B607FB1F1D01EF002B9AB5 /* EntryCell.swift in Sources */,
				96FBCC171F3AE386004E26F6 /* GraphVC.swift in Sources */,
				96A196F11F4C921100AAB635 /* OtherGraphVM.swift in Sources */,
				96A9218C1F03FFF70056BC5B /* ManagedUser.swift in Sources */,
				96086DD71F3B2FB2006C9312 /* GraphVM.swift in Sources */,
				960A0D4F1F2876C000356152 /* EditingVC.swift in Sources */,
				96B607DC1F1BB92A002B9AB5 /* UIColor+SDAdditions.swift in Sources */,
				967D791E1F00F10D00A961D6 /* User.swift in Sources */,
				96A196BF1F4AFB7C00AAB635 /* AllGraphListVC.swift in Sources */,
				96A874261F865B270097E432 /* SettingsVM.swift in Sources */,
				96B607F91F1D01DE002B9AB5 /* EntryView.swift in Sources */,
				967D79241F00F3CD00A961D6 /* LocalService.swift in Sources */,
				96B607C41F18E7A1002B9AB5 /* ActivityIndicator.swift in Sources */,
				96A196CB1F4AFCE800AAB635 /* OtherGraphListRouter.swift in Sources */,
				960A0D451F2770D000356152 /* WeekVC.swift in Sources */,
				964C82901F17D5A200A41D8A /* NavigationVC.swift in Sources */,
				96A196C11F4AFB8D00AAB635 /* AllGraphListVM.swift in Sources */,
				96A9217E1F03FC9D0056BC5B /* Model.xcdatamodeld in Sources */,
				967D79291F00F63E00A961D6 /* General.swift in Sources */,
				96B607F81F1D01DE002B9AB5 /* JapaView.swift in Sources */,
				960A0D551F2876C000356152 /* MyGraphVM.swift in Sources */,
				9652C9A91F46DE140065458B /* TimeFormCell.swift in Sources */,
				96B607F71F1D01DE002B9AB5 /* CircleGradientView.swift in Sources */,
				966395581F448915000CAEDB /* MainService.swift in Sources */,
				960A0D521F2876C000356152 /* EntryEditingVM.swift in Sources */,
				96655F541F21FCC0000B0D02 /* FormTextField.swift in Sources */,
				96A196C91F4AFBBF00AAB635 /* GraphListVM.swift in Sources */,
				96B9A5651F25C04C000673B7 /* Time.swift in Sources */,
				96B607D51F1A39C5002B9AB5 /* DateUtility.swift in Sources */,
				96A196BA1F48256F00AAB635 /* Responder.swift in Sources */,
				9652C9A71F46DE140065458B /* ContainerFormCell.swift in Sources */,
				96A196D11F4C1CDD00AAB635 /* GraphCell.swift in Sources */,
				96B607D11F19097F002B9AB5 /* MainTabBarRouter.swift in Sources */,
				96E976851F16463B00F6766F /* BaseVC.swift in Sources */,
				9667E4511F1148AC002589AE /* ManagedEntry.swift in Sources */,
				96A55B4A1F1291D500FD3700 /* MainTabBarVC.swift in Sources */,
				96E976811F1548E600F6766F /* LoginVM.swift in Sources */,
				960A0D531F2876C000356152 /* MyGraphRouter.swift in Sources */,
				9652C99F1F46D4360065458B /* FormVC.swift in Sources */,
				96B607D31F190990002B9AB5 /* MainTabBarVM.swift in Sources */,
			);
			runOnlyForDeploymentPostprocessing = 0;
		};
/* End PBXSourcesBuildPhase section */

/* Begin PBXVariantGroup section */
		9669D58F1F4369A100728E1A /* InfoPlist.strings */ = {
			isa = PBXVariantGroup;
			children = (
				9669D58E1F4369A100728E1A /* en */,
				9669D5901F4369A300728E1A /* ru */,
			);
			name = InfoPlist.strings;
			sourceTree = "<group>";
		};
		96B607CA1F18F45E002B9AB5 /* Localizable.strings */ = {
			isa = PBXVariantGroup;
			children = (
				96B607C91F18F45E002B9AB5 /* ru */,
				96B607CB1F18F462002B9AB5 /* en */,
			);
			name = Localizable.strings;
			sourceTree = "<group>";
		};
/* End PBXVariantGroup section */

/* Begin XCBuildConfiguration section */
		96D00D2D1F41CC270087D504 /* Dev-Debug */ = {
			isa = XCBuildConfiguration;
			buildSettings = {
				ALWAYS_SEARCH_USER_PATHS = NO;
				CLANG_ANALYZER_LOCALIZABILITY_NONLOCALIZED = YES;
				CLANG_ANALYZER_NONNULL = YES;
				CLANG_ANALYZER_NUMBER_OBJECT_CONVERSION = YES_AGGRESSIVE;
				CLANG_CXX_LANGUAGE_STANDARD = "gnu++0x";
				CLANG_CXX_LIBRARY = "libc++";
				CLANG_ENABLE_MODULES = YES;
				CLANG_ENABLE_OBJC_ARC = YES;
				CLANG_WARN_BLOCK_CAPTURE_AUTORELEASING = YES;
				CLANG_WARN_BOOL_CONVERSION = YES;
				CLANG_WARN_COMMA = YES;
				CLANG_WARN_CONSTANT_CONVERSION = YES;
				CLANG_WARN_DIRECT_OBJC_ISA_USAGE = YES_ERROR;
				CLANG_WARN_DOCUMENTATION_COMMENTS = YES;
				CLANG_WARN_EMPTY_BODY = YES;
				CLANG_WARN_ENUM_CONVERSION = YES;
				CLANG_WARN_INFINITE_RECURSION = YES;
				CLANG_WARN_INT_CONVERSION = YES;
				CLANG_WARN_NON_LITERAL_NULL_CONVERSION = YES;
				CLANG_WARN_OBJC_LITERAL_CONVERSION = YES;
				CLANG_WARN_OBJC_ROOT_CLASS = YES_ERROR;
				CLANG_WARN_RANGE_LOOP_ANALYSIS = YES;
				CLANG_WARN_STRICT_PROTOTYPES = YES;
				CLANG_WARN_SUSPICIOUS_MOVE = YES;
				CLANG_WARN_UNREACHABLE_CODE = YES;
				CLANG_WARN__DUPLICATE_METHOD_MATCH = YES;
				"CODE_SIGN_IDENTITY[sdk=iphoneos*]" = "iPhone Developer";
				DEBUG_INFORMATION_FORMAT = "dwarf-with-dsym";
				ENABLE_STRICT_OBJC_MSGSEND = YES;
				ENABLE_TESTABILITY = YES;
				GCC_C_LANGUAGE_STANDARD = gnu99;
				GCC_DYNAMIC_NO_PIC = NO;
				GCC_NO_COMMON_BLOCKS = YES;
				GCC_OPTIMIZATION_LEVEL = 0;
				GCC_PREPROCESSOR_DEFINITIONS = (
					"DEBUG=1",
					"$(inherited)",
				);
				GCC_WARN_64_TO_32_BIT_CONVERSION = YES;
				GCC_WARN_ABOUT_RETURN_TYPE = YES_ERROR;
				GCC_WARN_UNDECLARED_SELECTOR = YES;
				GCC_WARN_UNINITIALIZED_AUTOS = YES_AGGRESSIVE;
				GCC_WARN_UNUSED_FUNCTION = YES;
				GCC_WARN_UNUSED_VARIABLE = YES;
				IPHONEOS_DEPLOYMENT_TARGET = 10.3;
				MTL_ENABLE_DEBUG_INFO = YES;
				ONLY_ACTIVE_ARCH = YES;
				SDKROOT = iphoneos;
				SWIFT_ACTIVE_COMPILATION_CONDITIONS = DEBUG;
				SWIFT_OPTIMIZATION_LEVEL = "-Onone";
			};
			name = "Dev-Debug";
		};
		96D00D2E1F41CC270087D504 /* Dev-Debug */ = {
			isa = XCBuildConfiguration;
			baseConfigurationReference = 9669D5781F43696D00728E1A /* Dev-Debug.xcconfig */;
			buildSettings = {
				ASSETCATALOG_COMPILER_APPICON_NAME = AppIcon;
				ASSETCATALOG_COMPILER_LAUNCHIMAGE_NAME = LaunchImage;
				DEVELOPMENT_TEAM = 48MD2JEP44;
				INFOPLIST_FILE = "$(SRCROOT)/Sadhana/SupportingFiles/Info.plist";
				IPHONEOS_DEPLOYMENT_TARGET = 10.0;
				LD_RUNPATH_SEARCH_PATHS = "$(inherited) @executable_path/Frameworks";
				SWIFT_SWIFT3_OBJC_INFERENCE = On;
				SWIFT_VERSION = 4.0;
			};
			name = "Dev-Debug";
		};
		96D00D2F1F41CC290087D504 /* Dev-Release */ = {
			isa = XCBuildConfiguration;
			buildSettings = {
				ALWAYS_SEARCH_USER_PATHS = NO;
				CLANG_ANALYZER_LOCALIZABILITY_NONLOCALIZED = YES;
				CLANG_ANALYZER_NONNULL = YES;
				CLANG_ANALYZER_NUMBER_OBJECT_CONVERSION = YES_AGGRESSIVE;
				CLANG_CXX_LANGUAGE_STANDARD = "gnu++0x";
				CLANG_CXX_LIBRARY = "libc++";
				CLANG_ENABLE_MODULES = YES;
				CLANG_ENABLE_OBJC_ARC = YES;
				CLANG_WARN_BLOCK_CAPTURE_AUTORELEASING = YES;
				CLANG_WARN_BOOL_CONVERSION = YES;
				CLANG_WARN_COMMA = YES;
				CLANG_WARN_CONSTANT_CONVERSION = YES;
				CLANG_WARN_DIRECT_OBJC_ISA_USAGE = YES_ERROR;
				CLANG_WARN_DOCUMENTATION_COMMENTS = YES;
				CLANG_WARN_EMPTY_BODY = YES;
				CLANG_WARN_ENUM_CONVERSION = YES;
				CLANG_WARN_INFINITE_RECURSION = YES;
				CLANG_WARN_INT_CONVERSION = YES;
				CLANG_WARN_NON_LITERAL_NULL_CONVERSION = YES;
				CLANG_WARN_OBJC_LITERAL_CONVERSION = YES;
				CLANG_WARN_OBJC_ROOT_CLASS = YES_ERROR;
				CLANG_WARN_RANGE_LOOP_ANALYSIS = YES;
				CLANG_WARN_STRICT_PROTOTYPES = YES;
				CLANG_WARN_SUSPICIOUS_MOVE = YES;
				CLANG_WARN_UNREACHABLE_CODE = YES;
				CLANG_WARN__DUPLICATE_METHOD_MATCH = YES;
				"CODE_SIGN_IDENTITY[sdk=iphoneos*]" = "iPhone Developer";
				DEBUG_INFORMATION_FORMAT = "dwarf-with-dsym";
				ENABLE_NS_ASSERTIONS = NO;
				ENABLE_STRICT_OBJC_MSGSEND = YES;
				GCC_C_LANGUAGE_STANDARD = gnu99;
				GCC_NO_COMMON_BLOCKS = YES;
				GCC_WARN_64_TO_32_BIT_CONVERSION = YES;
				GCC_WARN_ABOUT_RETURN_TYPE = YES_ERROR;
				GCC_WARN_UNDECLARED_SELECTOR = YES;
				GCC_WARN_UNINITIALIZED_AUTOS = YES_AGGRESSIVE;
				GCC_WARN_UNUSED_FUNCTION = YES;
				GCC_WARN_UNUSED_VARIABLE = YES;
				IPHONEOS_DEPLOYMENT_TARGET = 10.3;
				MTL_ENABLE_DEBUG_INFO = NO;
				SDKROOT = iphoneos;
				SWIFT_OPTIMIZATION_LEVEL = "-Owholemodule";
				VALIDATE_PRODUCT = YES;
			};
			name = "Dev-Release";
		};
		96D00D301F41CC290087D504 /* Dev-Release */ = {
			isa = XCBuildConfiguration;
			baseConfigurationReference = 9669D5791F43696D00728E1A /* Dev-Release.xcconfig */;
			buildSettings = {
				ASSETCATALOG_COMPILER_APPICON_NAME = AppIcon;
				ASSETCATALOG_COMPILER_LAUNCHIMAGE_NAME = LaunchImage;
				DEVELOPMENT_TEAM = 48MD2JEP44;
				INFOPLIST_FILE = "$(SRCROOT)/Sadhana/SupportingFiles/Info.plist";
				IPHONEOS_DEPLOYMENT_TARGET = 10.0;
				LD_RUNPATH_SEARCH_PATHS = "$(inherited) @executable_path/Frameworks";
				SWIFT_SWIFT3_OBJC_INFERENCE = On;
				SWIFT_VERSION = 4.0;
			};
			name = "Dev-Release";
		};
		96F600621EC996AC006DAECE /* Prod-Debug */ = {
			isa = XCBuildConfiguration;
			buildSettings = {
				ALWAYS_SEARCH_USER_PATHS = NO;
				CLANG_ANALYZER_LOCALIZABILITY_NONLOCALIZED = YES;
				CLANG_ANALYZER_NONNULL = YES;
				CLANG_ANALYZER_NUMBER_OBJECT_CONVERSION = YES_AGGRESSIVE;
				CLANG_CXX_LANGUAGE_STANDARD = "gnu++0x";
				CLANG_CXX_LIBRARY = "libc++";
				CLANG_ENABLE_MODULES = YES;
				CLANG_ENABLE_OBJC_ARC = YES;
				CLANG_WARN_BLOCK_CAPTURE_AUTORELEASING = YES;
				CLANG_WARN_BOOL_CONVERSION = YES;
				CLANG_WARN_COMMA = YES;
				CLANG_WARN_CONSTANT_CONVERSION = YES;
				CLANG_WARN_DIRECT_OBJC_ISA_USAGE = YES_ERROR;
				CLANG_WARN_DOCUMENTATION_COMMENTS = YES;
				CLANG_WARN_EMPTY_BODY = YES;
				CLANG_WARN_ENUM_CONVERSION = YES;
				CLANG_WARN_INFINITE_RECURSION = YES;
				CLANG_WARN_INT_CONVERSION = YES;
				CLANG_WARN_NON_LITERAL_NULL_CONVERSION = YES;
				CLANG_WARN_OBJC_LITERAL_CONVERSION = YES;
				CLANG_WARN_OBJC_ROOT_CLASS = YES_ERROR;
				CLANG_WARN_RANGE_LOOP_ANALYSIS = YES;
				CLANG_WARN_STRICT_PROTOTYPES = YES;
				CLANG_WARN_SUSPICIOUS_MOVE = YES;
				CLANG_WARN_UNREACHABLE_CODE = YES;
				CLANG_WARN__DUPLICATE_METHOD_MATCH = YES;
				"CODE_SIGN_IDENTITY[sdk=iphoneos*]" = "iPhone Developer";
				DEBUG_INFORMATION_FORMAT = "dwarf-with-dsym";
				ENABLE_STRICT_OBJC_MSGSEND = YES;
				ENABLE_TESTABILITY = YES;
				GCC_C_LANGUAGE_STANDARD = gnu99;
				GCC_DYNAMIC_NO_PIC = NO;
				GCC_NO_COMMON_BLOCKS = YES;
				GCC_OPTIMIZATION_LEVEL = 0;
				GCC_PREPROCESSOR_DEFINITIONS = (
					"DEBUG=1",
					"$(inherited)",
				);
				GCC_WARN_64_TO_32_BIT_CONVERSION = YES;
				GCC_WARN_ABOUT_RETURN_TYPE = YES_ERROR;
				GCC_WARN_UNDECLARED_SELECTOR = YES;
				GCC_WARN_UNINITIALIZED_AUTOS = YES_AGGRESSIVE;
				GCC_WARN_UNUSED_FUNCTION = YES;
				GCC_WARN_UNUSED_VARIABLE = YES;
				IPHONEOS_DEPLOYMENT_TARGET = 10.3;
				MTL_ENABLE_DEBUG_INFO = YES;
				ONLY_ACTIVE_ARCH = YES;
				SDKROOT = iphoneos;
				SWIFT_ACTIVE_COMPILATION_CONDITIONS = DEBUG;
				SWIFT_OPTIMIZATION_LEVEL = "-Onone";
			};
			name = "Prod-Debug";
		};
		96F600631EC996AC006DAECE /* Prod-Release */ = {
			isa = XCBuildConfiguration;
			buildSettings = {
				ALWAYS_SEARCH_USER_PATHS = NO;
				CLANG_ANALYZER_LOCALIZABILITY_NONLOCALIZED = YES;
				CLANG_ANALYZER_NONNULL = YES;
				CLANG_ANALYZER_NUMBER_OBJECT_CONVERSION = YES_AGGRESSIVE;
				CLANG_CXX_LANGUAGE_STANDARD = "gnu++0x";
				CLANG_CXX_LIBRARY = "libc++";
				CLANG_ENABLE_MODULES = YES;
				CLANG_ENABLE_OBJC_ARC = YES;
				CLANG_WARN_BLOCK_CAPTURE_AUTORELEASING = YES;
				CLANG_WARN_BOOL_CONVERSION = YES;
				CLANG_WARN_COMMA = YES;
				CLANG_WARN_CONSTANT_CONVERSION = YES;
				CLANG_WARN_DIRECT_OBJC_ISA_USAGE = YES_ERROR;
				CLANG_WARN_DOCUMENTATION_COMMENTS = YES;
				CLANG_WARN_EMPTY_BODY = YES;
				CLANG_WARN_ENUM_CONVERSION = YES;
				CLANG_WARN_INFINITE_RECURSION = YES;
				CLANG_WARN_INT_CONVERSION = YES;
				CLANG_WARN_NON_LITERAL_NULL_CONVERSION = YES;
				CLANG_WARN_OBJC_LITERAL_CONVERSION = YES;
				CLANG_WARN_OBJC_ROOT_CLASS = YES_ERROR;
				CLANG_WARN_RANGE_LOOP_ANALYSIS = YES;
				CLANG_WARN_STRICT_PROTOTYPES = YES;
				CLANG_WARN_SUSPICIOUS_MOVE = YES;
				CLANG_WARN_UNREACHABLE_CODE = YES;
				CLANG_WARN__DUPLICATE_METHOD_MATCH = YES;
				"CODE_SIGN_IDENTITY[sdk=iphoneos*]" = "iPhone Developer";
				DEBUG_INFORMATION_FORMAT = "dwarf-with-dsym";
				ENABLE_NS_ASSERTIONS = NO;
				ENABLE_STRICT_OBJC_MSGSEND = YES;
				GCC_C_LANGUAGE_STANDARD = gnu99;
				GCC_NO_COMMON_BLOCKS = YES;
				GCC_WARN_64_TO_32_BIT_CONVERSION = YES;
				GCC_WARN_ABOUT_RETURN_TYPE = YES_ERROR;
				GCC_WARN_UNDECLARED_SELECTOR = YES;
				GCC_WARN_UNINITIALIZED_AUTOS = YES_AGGRESSIVE;
				GCC_WARN_UNUSED_FUNCTION = YES;
				GCC_WARN_UNUSED_VARIABLE = YES;
				IPHONEOS_DEPLOYMENT_TARGET = 10.3;
				MTL_ENABLE_DEBUG_INFO = NO;
				SDKROOT = iphoneos;
				SWIFT_OPTIMIZATION_LEVEL = "-Owholemodule";
				VALIDATE_PRODUCT = YES;
			};
			name = "Prod-Release";
		};
		96F600651EC996AC006DAECE /* Prod-Debug */ = {
			isa = XCBuildConfiguration;
			baseConfigurationReference = 9669D57B1F43696D00728E1A /* Prod-Debug.xcconfig */;
			buildSettings = {
				ASSETCATALOG_COMPILER_APPICON_NAME = AppIcon;
				ASSETCATALOG_COMPILER_LAUNCHIMAGE_NAME = LaunchImage;
				DEVELOPMENT_TEAM = 48MD2JEP44;
				INFOPLIST_FILE = "$(SRCROOT)/Sadhana/SupportingFiles/Info.plist";
				IPHONEOS_DEPLOYMENT_TARGET = 10.0;
				LD_RUNPATH_SEARCH_PATHS = "$(inherited) @executable_path/Frameworks";
				SWIFT_SWIFT3_OBJC_INFERENCE = On;
				SWIFT_VERSION = 4.0;
			};
			name = "Prod-Debug";
		};
		96F600661EC996AC006DAECE /* Prod-Release */ = {
			isa = XCBuildConfiguration;
			baseConfigurationReference = 9669D57C1F43696D00728E1A /* Prod-Release.xcconfig */;
			buildSettings = {
				ASSETCATALOG_COMPILER_APPICON_NAME = AppIcon;
				ASSETCATALOG_COMPILER_LAUNCHIMAGE_NAME = LaunchImage;
				"CODE_SIGN_IDENTITY[sdk=iphoneos*]" = "iPhone Distribution";
				DEVELOPMENT_TEAM = 48MD2JEP44;
				INFOPLIST_FILE = "$(SRCROOT)/Sadhana/SupportingFiles/Info.plist";
				IPHONEOS_DEPLOYMENT_TARGET = 10.0;
				LD_RUNPATH_SEARCH_PATHS = "$(inherited) @executable_path/Frameworks";
				SWIFT_SWIFT3_OBJC_INFERENCE = On;
				SWIFT_VERSION = 4.0;
			};
			name = "Prod-Release";
		};
/* End XCBuildConfiguration section */

/* Begin XCConfigurationList section */
		96F6004B1EC996AC006DAECE /* Build configuration list for PBXProject "Sadhana" */ = {
			isa = XCConfigurationList;
			buildConfigurations = (
				96D00D2D1F41CC270087D504 /* Dev-Debug */,
				96D00D2F1F41CC290087D504 /* Dev-Release */,
				96F600621EC996AC006DAECE /* Prod-Debug */,
				96F600631EC996AC006DAECE /* Prod-Release */,
			);
			defaultConfigurationIsVisible = 0;
			defaultConfigurationName = "Prod-Release";
		};
		96F600641EC996AC006DAECE /* Build configuration list for PBXNativeTarget "Sadhana" */ = {
			isa = XCConfigurationList;
			buildConfigurations = (
				96D00D2E1F41CC270087D504 /* Dev-Debug */,
				96D00D301F41CC290087D504 /* Dev-Release */,
				96F600651EC996AC006DAECE /* Prod-Debug */,
				96F600661EC996AC006DAECE /* Prod-Release */,
			);
			defaultConfigurationIsVisible = 0;
			defaultConfigurationName = "Prod-Release";
		};
/* End XCConfigurationList section */

/* Begin XCVersionGroup section */
		96A9217C1F03FC9D0056BC5B /* Model.xcdatamodeld */ = {
			isa = XCVersionGroup;
			children = (
				96A9217D1F03FC9D0056BC5B /* Model.xcdatamodel */,
			);
			currentVersion = 96A9217D1F03FC9D0056BC5B /* Model.xcdatamodel */;
			path = Model.xcdatamodeld;
			sourceTree = "<group>";
			versionGroupType = wrapper.xcdatamodel;
		};
/* End XCVersionGroup section */
	};
	rootObject = 96F600481EC996AC006DAECE /* Project object */;
}
